
Microsoft Visual Studio Solution File, Format Version 12.00
# Visual Studio Version 16
VisualStudioVersion = 16.0.31410.357
MinimumVisualStudioVersion = 10.0.40219.1
Project("{FAE04EC0-301F-11D3-BF4B-00C04F79EFBC}") = "WebAppAPI", "WebAppAPI\WebAppAPI.csproj", "{13047FCC-A75E-4117-A6A8-097F8090BB37}"
EndProject
Global
	GlobalSection(SolutionConfigurationPlatforms) = preSolution
		Debug|Any CPU = Debug|Any CPU
		Release|Any CPU = Release|Any CPU
	EndGlobalSection
	GlobalSection(ProjectConfigurationPlatforms) = postSolution
		{13047FCC-A75E-4117-A6A8-097F8090BB37}.Debug|Any CPU.ActiveCfg = Debug|Any CPU
		{13047FCC-A75E-4117-A6A8-097F8090BB37}.Debug|Any CPU.Build.0 = Debug|Any CPU
		{13047FCC-A75E-4117-A6A8-097F8090BB37}.Release|Any CPU.ActiveCfg = Release|Any CPU
		{13047FCC-A75E-4117-A6A8-097F8090BB37}.Release|Any CPU.Build.0 = Release|Any CPU
	EndGlobalSection
	GlobalSection(SolutionProperties) = preSolution
		HideSolutionNode = FALSE
	EndGlobalSection
	GlobalSection(ExtensibilityGlobals) = postSolution
		SolutionGuid = {0B05CB69-36D2-4663-9501-F0D896F371E4}
	EndGlobalSection
EndGlobal
